
Microsoft Visual Studio Solution File, Format Version 12.00
# Visual Studio Version 17
VisualStudioVersion = 17.5.33627.172
MinimumVisualStudioVersion = 10.0.40219.1
Project("{8BC9CEB8-8B4A-11D0-8D11-00A0C91BC942}") = "IZ3", "IZ3.vcxproj", "{7F13872A-5ED0-4806-9F72-31CC70EF06F4}"
EndProject
Global
	GlobalSection(SolutionConfigurationPlatforms) = preSolution
		Debug|x64 = Debug|x64
		Debug|x86 = Debug|x86
		Release|x64 = Release|x64
		Release|x86 = Release|x86
	EndGlobalSection
	GlobalSection(ProjectConfigurationPlatforms) = postSolution
		{7F13872A-5ED0-4806-9F72-31CC70EF06F4}.Debug|x64.ActiveCfg = Debug|x64
		{7F13872A-5ED0-4806-9F72-31CC70EF06F4}.Debug|x64.Build.0 = Debug|x64
		{7F13872A-5ED0-4806-9F72-31CC70EF06F4}.Debug|x86.ActiveCfg = Debug|Win32
		{7F13872A-5ED0-4806-9F72-31CC70EF06F4}.Debug|x86.Build.0 = Debug|Win32
		{7F13872A-5ED0-4806-9F72-31CC70EF06F4}.Release|x64.ActiveCfg = Release|x64
		{7F13872A-5ED0-4806-9F72-31CC70EF06F4}.Release|x64.Build.0 = Release|x64
		{7F13872A-5ED0-4806-9F72-31CC70EF06F4}.Release|x86.ActiveCfg = Release|Win32
		{7F13872A-5ED0-4806-9F72-31CC70EF06F4}.Release|x86.Build.0 = Release|Win32
	EndGlobalSection
	GlobalSection(SolutionProperties) = preSolution
		HideSolutionNode = FALSE
	EndGlobalSection
	GlobalSection(ExtensibilityGlobals) = postSolution
		SolutionGuid = {668328A7-75DE-47DD-83A1-EE541A35FA23}
	EndGlobalSection
EndGlobal
